
Microsoft Visual Studio Solution File, Format Version 12.00
# Visual Studio 2012
Project("{FAE04EC0-301F-11D3-BF4B-00C04F79EFBC}") = "Kabochi", "Kabochi\Kabochi.csproj", "{1819B7C8-19D6-44D4-8393-1BB79DE0C099}"
EndProject
Global
	GlobalSection(SolutionConfigurationPlatforms) = preSolution
		Debug|Any CPU = Debug|Any CPU
		Release|Any CPU = Release|Any CPU
	EndGlobalSection
	GlobalSection(ProjectConfigurationPlatforms) = postSolution
		{1819B7C8-19D6-44D4-8393-1BB79DE0C099}.Debug|Any CPU.ActiveCfg = Debug|Any CPU
		{1819B7C8-19D6-44D4-8393-1BB79DE0C099}.Debug|Any CPU.Build.0 = Debug|Any CPU
		{1819B7C8-19D6-44D4-8393-1BB79DE0C099}.Release|Any CPU.ActiveCfg = Release|Any CPU
		{1819B7C8-19D6-44D4-8393-1BB79DE0C099}.Release|Any CPU.Build.0 = Release|Any CPU
	EndGlobalSection
	GlobalSection(SolutionProperties) = preSolution
		HideSolutionNode = FALSE
	EndGlobalSection
EndGlobal
